{
  "name": "booklogger",
  "lockfileVersion": 2,
  "requires": true,
  "packages": {
    "": {
      "devDependencies": {
        "@types/jquery": "^3.5.14",
        "@types/select2": "^4.0.55",
        "prettier": "^2.8.3",
        "rome": "^10.0.1",
        "typescript": "^4.7.2"
      }
    },
    "node_modules/@rometools/cli-darwin-arm64": {
      "version": "10.0.1",
      "resolved": "https://registry.npmjs.org/@rometools/cli-darwin-arm64/-/cli-darwin-arm64-10.0.1.tgz",
      "integrity": "sha512-MwQjk3uhZrCu6LgIwJHREAsVt/mUQTGv7p8iosfaF8lCIxMVjyS+akbF/QcBufyW5sFtHYNWUEe/uKPHK4E//A==",
      "cpu": [
        "arm64"
      ],
      "dev": true,
      "optional": true,
      "os": [
        "darwin"
      ]
    },
    "node_modules/@rometools/cli-darwin-x64": {
      "version": "10.0.1",
      "resolved": "https://registry.npmjs.org/@rometools/cli-darwin-x64/-/cli-darwin-x64-10.0.1.tgz",
      "integrity": "sha512-n010Wc/z9L8wRkRnR5boMhdWgDVGrTG/i7zL8u/3+F5aSUgLCywf9F/b3ex74tCJJfcwBLlhaAqAVQX6U1bIkA==",
      "cpu": [
        "x64"
      ],
      "dev": true,
      "optional": true,
      "os": [
        "darwin"
      ]
    },
    "node_modules/@rometools/cli-linux-arm64": {
      "version": "10.0.1",
      "resolved": "https://registry.npmjs.org/@rometools/cli-linux-arm64/-/cli-linux-arm64-10.0.1.tgz",
      "integrity": "sha512-JljZsnud1KCfe36VNsVh/LrYdAzgbKbcsCTzeCjW9ROkMyNj8pmQ/gIUFxZ+PyhMFgowHIDGihoNf4m+pgpxkA==",
      "cpu": [
        "arm64"
      ],
      "dev": true,
      "optional": true,
      "os": [
        "linux"
      ]
    },
    "node_modules/@rometools/cli-linux-x64": {
      "version": "10.0.1",
      "resolved": "https://registry.npmjs.org/@rometools/cli-linux-x64/-/cli-linux-x64-10.0.1.tgz",
      "integrity": "sha512-jXIqd9iDyZUexk63CRfAXDA4zNDUHpErUmCejjGab3dhDt1KA40fDqKb+kxZpAhY3tQoWNSNQyo750zX5NawLw==",
      "cpu": [
        "x64"
      ],
      "dev": true,
      "optional": true,
      "os": [
        "linux"
      ]
    },
    "node_modules/@rometools/cli-win32-arm64": {
      "version": "10.0.1",
      "resolved": "https://registry.npmjs.org/@rometools/cli-win32-arm64/-/cli-win32-arm64-10.0.1.tgz",
      "integrity": "sha512-G/toRrKPhhi7SMYMyROq/E2c8/4xRX/67vFhVihuMvDDzhanIb99hEt5MMbM4HbYK1nnZBPyLN6LxVsxm9M9hA==",
      "cpu": [
        "arm64"
      ],
      "dev": true,
      "optional": true,
      "os": [
        "win32"
      ]
    },
    "node_modules/@rometools/cli-win32-x64": {
      "version": "10.0.1",
      "resolved": "https://registry.npmjs.org/@rometools/cli-win32-x64/-/cli-win32-x64-10.0.1.tgz",
      "integrity": "sha512-y299+VGoBufZntZj0Xz7w9DODU+6E5giXStfBDoa0fspXGNkYyYfD+HC6j9gUv4zpMZJ607XVvVHjpfwM/3ftA==",
      "cpu": [
        "x64"
      ],
      "dev": true,
      "optional": true,
      "os": [
        "win32"
      ]
    },
    "node_modules/@types/jquery": {
      "version": "3.5.14",
      "resolved": "https://registry.npmjs.org/@types/jquery/-/jquery-3.5.14.tgz",
      "integrity": "sha512-X1gtMRMbziVQkErhTQmSe2jFwwENA/Zr+PprCkF63vFq+Yt5PZ4AlKqgmeNlwgn7dhsXEK888eIW2520EpC+xg==",
      "dev": true,
      "dependencies": {
        "@types/sizzle": "*"
      }
    },
    "node_modules/@types/select2": {
      "version": "4.0.55",
      "resolved": "https://registry.npmjs.org/@types/select2/-/select2-4.0.55.tgz",
      "integrity": "sha512-lqngYTv7W1e8HiLSEq7cJhnnKqV3vuwCBkfka6ZXBoM0Z8aVoZrR9gxjbwRzcqBBw4EpAvVXZGPuaDOM+apeZw==",
      "dev": true,
      "dependencies": {
        "@types/jquery": "*"
      }
    },
    "node_modules/@types/sizzle": {
      "version": "2.3.3",
      "resolved": "https://registry.npmjs.org/@types/sizzle/-/sizzle-2.3.3.tgz",
      "integrity": "sha512-JYM8x9EGF163bEyhdJBpR2QX1R5naCJHC8ucJylJ3w9/CVBaskdQ8WqBf8MmQrd1kRvp/a4TS8HJ+bxzR7ZJYQ==",
      "dev": true
    },
    "node_modules/prettier": {
      "version": "2.8.3",
      "resolved": "https://registry.npmjs.org/prettier/-/prettier-2.8.3.tgz",
      "integrity": "sha512-tJ/oJ4amDihPoufT5sM0Z1SKEuKay8LfVAMlbbhnnkvt6BUserZylqo2PN+p9KeljLr0OHa2rXHU1T8reeoTrw==",
      "dev": true,
      "bin": {
        "prettier": "bin-prettier.js"
      },
      "engines": {
        "node": ">=10.13.0"
      },
      "funding": {
        "url": "https://github.com/prettier/prettier?sponsor=1"
      }
    },
    "node_modules/rome": {
      "version": "10.0.1",
      "resolved": "https://registry.npmjs.org/rome/-/rome-10.0.1.tgz",
      "integrity": "sha512-RfaDa+cSustBsjX6bj3fWqEhoNxXrK1uNgKHpkCHAqp20QMJXnCRtbokhirNMe0utyGI9GTO/sDoK7hJP7O8Bw==",
      "dev": true,
      "hasInstallScript": true,
      "bin": {
        "rome": "bin/rome"
      },
      "engines": {
        "node": ">=14.*"
      },
      "optionalDependencies": {
        "@rometools/cli-darwin-arm64": "10.0.1",
        "@rometools/cli-darwin-x64": "10.0.1",
        "@rometools/cli-linux-arm64": "10.0.1",
        "@rometools/cli-linux-x64": "10.0.1",
        "@rometools/cli-win32-arm64": "10.0.1",
        "@rometools/cli-win32-x64": "10.0.1"
      }
    },
    "node_modules/typescript": {
      "version": "4.8.4",
      "resolved": "https://registry.npmjs.org/typescript/-/typescript-4.8.4.tgz",
      "integrity": "sha512-QCh+85mCy+h0IGff8r5XWzOVSbBO+KfeYrMQh7NJ58QujwcE22u+NUSmUxqF+un70P9GXKxa2HCNiTTMJknyjQ==",
      "dev": true,
      "bin": {
        "tsc": "bin/tsc",
        "tsserver": "bin/tsserver"
      },
      "engines": {
        "node": ">=4.2.0"
      }
    }
  },
  "dependencies": {
    "@rometools/cli-darwin-arm64": {
      "version": "10.0.1",
      "resolved": "https://registry.npmjs.org/@rometools/cli-darwin-arm64/-/cli-darwin-arm64-10.0.1.tgz",
      "integrity": "sha512-MwQjk3uhZrCu6LgIwJHREAsVt/mUQTGv7p8iosfaF8lCIxMVjyS+akbF/QcBufyW5sFtHYNWUEe/uKPHK4E//A==",
      "dev": true,
      "optional": true
    },
    "@rometools/cli-darwin-x64": {
      "version": "10.0.1",
      "resolved": "https://registry.npmjs.org/@rometools/cli-darwin-x64/-/cli-darwin-x64-10.0.1.tgz",
      "integrity": "sha512-n010Wc/z9L8wRkRnR5boMhdWgDVGrTG/i7zL8u/3+F5aSUgLCywf9F/b3ex74tCJJfcwBLlhaAqAVQX6U1bIkA==",
      "dev": true,
      "optional": true
    },
    "@rometools/cli-linux-arm64": {
      "version": "10.0.1",
      "resolved": "https://registry.npmjs.org/@rometools/cli-linux-arm64/-/cli-linux-arm64-10.0.1.tgz",
      "integrity": "sha512-JljZsnud1KCfe36VNsVh/LrYdAzgbKbcsCTzeCjW9ROkMyNj8pmQ/gIUFxZ+PyhMFgowHIDGihoNf4m+pgpxkA==",
      "dev": true,
      "optional": true
    },
    "@rometools/cli-linux-x64": {
      "version": "10.0.1",
      "resolved": "https://registry.npmjs.org/@rometools/cli-linux-x64/-/cli-linux-x64-10.0.1.tgz",
      "integrity": "sha512-jXIqd9iDyZUexk63CRfAXDA4zNDUHpErUmCejjGab3dhDt1KA40fDqKb+kxZpAhY3tQoWNSNQyo750zX5NawLw==",
      "dev": true,
      "optional": true
    },
    "@rometools/cli-win32-arm64": {
      "version": "10.0.1",
      "resolved": "https://registry.npmjs.org/@rometools/cli-win32-arm64/-/cli-win32-arm64-10.0.1.tgz",
      "integrity": "sha512-G/toRrKPhhi7SMYMyROq/E2c8/4xRX/67vFhVihuMvDDzhanIb99hEt5MMbM4HbYK1nnZBPyLN6LxVsxm9M9hA==",
      "dev": true,
      "optional": true
    },
    "@rometools/cli-win32-x64": {
      "version": "10.0.1",
      "resolved": "https://registry.npmjs.org/@rometools/cli-win32-x64/-/cli-win32-x64-10.0.1.tgz",
      "integrity": "sha512-y299+VGoBufZntZj0Xz7w9DODU+6E5giXStfBDoa0fspXGNkYyYfD+HC6j9gUv4zpMZJ607XVvVHjpfwM/3ftA==",
      "dev": true,
      "optional": true
    },
    "@types/jquery": {
      "version": "3.5.14",
      "resolved": "https://registry.npmjs.org/@types/jquery/-/jquery-3.5.14.tgz",
      "integrity": "sha512-X1gtMRMbziVQkErhTQmSe2jFwwENA/Zr+PprCkF63vFq+Yt5PZ4AlKqgmeNlwgn7dhsXEK888eIW2520EpC+xg==",
      "dev": true,
      "requires": {
        "@types/sizzle": "*"
      }
    },
    "@types/select2": {
      "version": "4.0.55",
      "resolved": "https://registry.npmjs.org/@types/select2/-/select2-4.0.55.tgz",
      "integrity": "sha512-lqngYTv7W1e8HiLSEq7cJhnnKqV3vuwCBkfka6ZXBoM0Z8aVoZrR9gxjbwRzcqBBw4EpAvVXZGPuaDOM+apeZw==",
      "dev": true,
      "requires": {
        "@types/jquery": "*"
      }
    },
    "@types/sizzle": {
      "version": "2.3.3",
      "resolved": "https://registry.npmjs.org/@types/sizzle/-/sizzle-2.3.3.tgz",
      "integrity": "sha512-JYM8x9EGF163bEyhdJBpR2QX1R5naCJHC8ucJylJ3w9/CVBaskdQ8WqBf8MmQrd1kRvp/a4TS8HJ+bxzR7ZJYQ==",
      "dev": true
    },
    "prettier": {
      "version": "2.8.3",
      "resolved": "https://registry.npmjs.org/prettier/-/prettier-2.8.3.tgz",
      "integrity": "sha512-tJ/oJ4amDihPoufT5sM0Z1SKEuKay8LfVAMlbbhnnkvt6BUserZylqo2PN+p9KeljLr0OHa2rXHU1T8reeoTrw==",
      "dev": true
    },
    "rome": {
      "version": "10.0.1",
      "resolved": "https://registry.npmjs.org/rome/-/rome-10.0.1.tgz",
      "integrity": "sha512-RfaDa+cSustBsjX6bj3fWqEhoNxXrK1uNgKHpkCHAqp20QMJXnCRtbokhirNMe0utyGI9GTO/sDoK7hJP7O8Bw==",
      "dev": true,
      "requires": {
        "@rometools/cli-darwin-arm64": "10.0.1",
        "@rometools/cli-darwin-x64": "10.0.1",
        "@rometools/cli-linux-arm64": "10.0.1",
        "@rometools/cli-linux-x64": "10.0.1",
        "@rometools/cli-win32-arm64": "10.0.1",
        "@rometools/cli-win32-x64": "10.0.1"
      }
    },
    "typescript": {
      "version": "4.8.4",
      "resolved": "https://registry.npmjs.org/typescript/-/typescript-4.8.4.tgz",
      "integrity": "sha512-QCh+85mCy+h0IGff8r5XWzOVSbBO+KfeYrMQh7NJ58QujwcE22u+NUSmUxqF+un70P9GXKxa2HCNiTTMJknyjQ==",
      "dev": true
    }
  }
}
